
Microsoft Visual Studio Solution File, Format Version 12.00
# Visual Studio Version 17
VisualStudioVersion = 17.9.34728.123
MinimumVisualStudioVersion = 10.0.40219.1
Project("{9A19103F-16F7-4668-BE54-9A1E7A4F7556}") = "FizzBuzzMuzz", "FizzBuzzMuzz.csproj", "{97B02CE3-C8A3-4A2B-AA8C-7335825C872A}"
EndProject
Project("{FAE04EC0-301F-11D3-BF4B-00C04F79EFBC}") = "FizzBuzzTests", "..\FizzBuzzTests\FizzBuzzTests.csproj", "{852F6886-4BBE-4481-87CB-44D5F1AE370E}"
EndProject
Global
	GlobalSection(SolutionConfigurationPlatforms) = preSolution
		Debug|Any CPU = Debug|Any CPU
		Release|Any CPU = Release|Any CPU
	EndGlobalSection
	GlobalSection(ProjectConfigurationPlatforms) = postSolution
		{97B02CE3-C8A3-4A2B-AA8C-7335825C872A}.Debug|Any CPU.ActiveCfg = Debug|Any CPU
		{97B02CE3-C8A3-4A2B-AA8C-7335825C872A}.Debug|Any CPU.Build.0 = Debug|Any CPU
		{97B02CE3-C8A3-4A2B-AA8C-7335825C872A}.Release|Any CPU.ActiveCfg = Release|Any CPU
		{97B02CE3-C8A3-4A2B-AA8C-7335825C872A}.Release|Any CPU.Build.0 = Release|Any CPU
		{852F6886-4BBE-4481-87CB-44D5F1AE370E}.Debug|Any CPU.ActiveCfg = Debug|Any CPU
		{852F6886-4BBE-4481-87CB-44D5F1AE370E}.Debug|Any CPU.Build.0 = Debug|Any CPU
		{852F6886-4BBE-4481-87CB-44D5F1AE370E}.Release|Any CPU.ActiveCfg = Release|Any CPU
		{852F6886-4BBE-4481-87CB-44D5F1AE370E}.Release|Any CPU.Build.0 = Release|Any CPU
	EndGlobalSection
	GlobalSection(SolutionProperties) = preSolution
		HideSolutionNode = FALSE
	EndGlobalSection
	GlobalSection(ExtensibilityGlobals) = postSolution
		SolutionGuid = {C6437F0A-4DC5-46D2-9545-5E3BF2155876}
	EndGlobalSection
EndGlobal
